<?xml version="1.0" encoding="UTF-8" standalone="yes" ?>
<CodeBlocks_project_file>
	<FileVersion major="1" minor="6" />
	<Project>
		<Option title="EquaCMD" />
		<Option pch_mode="2" />
		<Option compiler="gcc" />
		<Build>
			<Target title="Debug">
				<Option output="bin/Debug/EquaCMD" prefix_auto="1" extension_auto="1" />
				<Option object_output="obj/Debug/" />
				<Option type="1" />
				<Option compiler="gcc" />
				<Option use_console_runner="0" />
				<Compiler>
					<Add option="-g" />
				</Compiler>
			</Target>
		</Build>
		<Compiler>
			<Add option="-Wunreachable-code" />
			<Add option="-Wmain" />
			<Add option="-pedantic" />
			<Add option="-Wextra" />
			<Add option="-Wall" />
			<Add option="-Wwrite-strings -Wstrict-prototypes -std=c99" />
		</Compiler>
		<Linker>
			<Add library="svd" />
			<Add library="Ws2_32" />
			<Add library="eispack" />
			<Add directory="external-libs/eispack" />
			<Add directory="external-libs/svdlibc/bin" />
		</Linker>
		<Unit filename="commandes.c">
			<Option compilerVar="CC" />
		</Unit>
		<Unit filename="commandes.h" />
		<Unit filename="constantes.h" />
		<Unit filename="eispack.h" />
		<Unit filename="main.c">
			<Option compilerVar="CC" />
		</Unit>
		<Unit filename="main.h" />
		<Unit filename="memmgr.c">
			<Option compilerVar="CC" />
		</Unit>
		<Unit filename="memmgr.h" />
		<Unit filename="objets.c">
			<Option compilerVar="CC" />
		</Unit>
		<Unit filename="objets.h" />
		<Unit filename="operations.c">
			<Option compilerVar="CC" />
		</Unit>
		<Unit filename="operations.h" />
		<Unit filename="svdlib.h" />
		<Extensions>
			<code_completion />
			<debugger />
			<envvars />
		</Extensions>
	</Project>
</CodeBlocks_project_file>
